
Microsoft Visual Studio Solution File, Format Version 12.00
# Visual Studio Version 17
VisualStudioVersion = 17.5.33414.496
MinimumVisualStudioVersion = 10.0.40219.1
Project("{9A19103F-16F7-4668-BE54-9A1E7A4F7556}") = "RetroGames.UI.MVC", "RetroGames.UI.MVC\RetroGames.UI.MVC.csproj", "{494FD7AD-BF0F-4633-A966-9F3AD28CDEAA}"
EndProject
Project("{9A19103F-16F7-4668-BE54-9A1E7A4F7556}") = "RetroGames.DATA.EF", "RetroGames.DATA.EF\RetroGames.DATA.EF.csproj", "{FB62F902-A8A6-4CDF-9E86-ABB9A480AA42}"
EndProject
Global
	GlobalSection(SolutionConfigurationPlatforms) = preSolution
		Debug|Any CPU = Debug|Any CPU
		Release|Any CPU = Release|Any CPU
	EndGlobalSection
	GlobalSection(ProjectConfigurationPlatforms) = postSolution
		{494FD7AD-BF0F-4633-A966-9F3AD28CDEAA}.Debug|Any CPU.ActiveCfg = Debug|Any CPU
		{494FD7AD-BF0F-4633-A966-9F3AD28CDEAA}.Debug|Any CPU.Build.0 = Debug|Any CPU
		{494FD7AD-BF0F-4633-A966-9F3AD28CDEAA}.Release|Any CPU.ActiveCfg = Release|Any CPU
		{494FD7AD-BF0F-4633-A966-9F3AD28CDEAA}.Release|Any CPU.Build.0 = Release|Any CPU
		{FB62F902-A8A6-4CDF-9E86-ABB9A480AA42}.Debug|Any CPU.ActiveCfg = Debug|Any CPU
		{FB62F902-A8A6-4CDF-9E86-ABB9A480AA42}.Debug|Any CPU.Build.0 = Debug|Any CPU
		{FB62F902-A8A6-4CDF-9E86-ABB9A480AA42}.Release|Any CPU.ActiveCfg = Release|Any CPU
		{FB62F902-A8A6-4CDF-9E86-ABB9A480AA42}.Release|Any CPU.Build.0 = Release|Any CPU
	EndGlobalSection
	GlobalSection(SolutionProperties) = preSolution
		HideSolutionNode = FALSE
	EndGlobalSection
	GlobalSection(ExtensibilityGlobals) = postSolution
		SolutionGuid = {F2962B33-1431-467E-8354-C17FACEAEA96}
	EndGlobalSection
EndGlobal
